
Microsoft Visual Studio Solution File, Format Version 12.00
# Visual Studio 15
VisualStudioVersion = 15.0.28307.902
MinimumVisualStudioVersion = 10.0.40219.1
Project("{FAE04EC0-301F-11D3-BF4B-00C04F79EFBC}") = "Project", "Project\Project.csproj", "{359A667F-28DA-403B-9E10-863CED4F2D91}"
EndProject
Project("{2150E333-8FDC-42A3-9474-1A3956D46DE8}") = "images", "images", "{E8168A9C-B779-4CBD-9DC5-9DF0D3567B9D}"
EndProject
Global
	GlobalSection(SolutionConfigurationPlatforms) = preSolution
		Debug|Any CPU = Debug|Any CPU
		Release|Any CPU = Release|Any CPU
	EndGlobalSection
	GlobalSection(ProjectConfigurationPlatforms) = postSolution
		{359A667F-28DA-403B-9E10-863CED4F2D91}.Debug|Any CPU.ActiveCfg = Debug|Any CPU
		{359A667F-28DA-403B-9E10-863CED4F2D91}.Debug|Any CPU.Build.0 = Debug|Any CPU
		{359A667F-28DA-403B-9E10-863CED4F2D91}.Release|Any CPU.ActiveCfg = Release|Any CPU
		{359A667F-28DA-403B-9E10-863CED4F2D91}.Release|Any CPU.Build.0 = Release|Any CPU
	EndGlobalSection
	GlobalSection(SolutionProperties) = preSolution
		HideSolutionNode = FALSE
	EndGlobalSection
	GlobalSection(ExtensibilityGlobals) = postSolution
		SolutionGuid = {50B3922E-8819-4A02-A8CC-41D82EBE4BD7}
	EndGlobalSection
EndGlobal
